
Microsoft Visual Studio Solution File, Format Version 12.00
# Visual Studio Version 17
VisualStudioVersion = 17.6.33829.357
MinimumVisualStudioVersion = 10.0.40219.1
Project("{FAE04EC0-301F-11D3-BF4B-00C04F79EFBC}") = "SmartPro_39[22-28-23]", "SmartPro_39[22-28-23]\SmartPro_39[22-28-23].csproj", "{C68AE5AB-C348-4A98-AD6C-1C5413566E21}"
EndProject
Global
	GlobalSection(SolutionConfigurationPlatforms) = preSolution
		Debug|Any CPU = Debug|Any CPU
		Release|Any CPU = Release|Any CPU
	EndGlobalSection
	GlobalSection(ProjectConfigurationPlatforms) = postSolution
		{C68AE5AB-C348-4A98-AD6C-1C5413566E21}.Debug|Any CPU.ActiveCfg = Debug|Any CPU
		{C68AE5AB-C348-4A98-AD6C-1C5413566E21}.Debug|Any CPU.Build.0 = Debug|Any CPU
		{C68AE5AB-C348-4A98-AD6C-1C5413566E21}.Release|Any CPU.ActiveCfg = Release|Any CPU
		{C68AE5AB-C348-4A98-AD6C-1C5413566E21}.Release|Any CPU.Build.0 = Release|Any CPU
	EndGlobalSection
	GlobalSection(SolutionProperties) = preSolution
		HideSolutionNode = FALSE
	EndGlobalSection
	GlobalSection(ExtensibilityGlobals) = postSolution
		SolutionGuid = {5517A05D-3EA4-45E9-95A7-3825C8B87E40}
	EndGlobalSection
EndGlobal
